{
  "name": "dependent",
  "version": "1.0.0",
  "lockfileVersion": 1,
  "requires": true,
  "dependencies": {
    "@ruben/autoUpdate": {
      "version": "github:rubennaatje/autoUpdate#2264013d6c3da5e8fff2cc4b6763bc901e82bc87",
      "from": "github:rubennaatje/autoUpdate#v1.1.0"
    },
    "autoupdate": {
      "version": "github:rubennaatje/autoUpdate#2264013d6c3da5e8fff2cc4b6763bc901e82bc87",
      "from": "github:rubennaatje/autoUpdate#v1.1.0"
    }
  }
}
