{
  "name": "dependent",
  "version": "1.0.0",
  "lockfileVersion": 2,
  "requires": true,
  "packages": {
    "": {
      "name": "dependent",
      "version": "1.0.0",
      "license": "ISC",
      "dependencies": {
        "@ruben/autoUpdate": "github:rubennaatje/autoUpdate#v1.14.0"
      }
    },
    "node_modules/@ruben/autoUpdate": {
      "name": "autoupdate",
      "version": "1.1.0",
      "resolved": "git+ssh://git@github.com/rubennaatje/autoUpdate.git#2264013d6c3da5e8fff2cc4b6763bc901e82bc87",
      "integrity": "sha512-UWf3veRJm4M/B67yBpEAUzPeiKxjMDmyM1+Z4XqWg/zBV3UV6EBCM0XYZTzEKyxj//uDio59yORcXdK7VfpFCg==",
      "license": "ISC"
    }
  },
  "dependencies": {
    "@ruben/autoUpdate": {
      "version": "git+ssh://git@github.com/rubennaatje/autoUpdate.git#2264013d6c3da5e8fff2cc4b6763bc901e82bc87",
      "from": "@ruben/autoUpdate@github:rubennaatje/autoUpdate#v1.14.0"
    }
  }
}
